{
  "nodes": {
    "home-manager": {
      "inputs": {
        "nixpkgs": [
          "nixpkgs"
        ]
      },
      "locked": {
        "lastModified": 1716729592,
        "narHash": "sha256-Y3bOjoh2cFBqZN0Jw1zUdyr7tjygyxl2bD/QY73GZP0=",
        "owner": "nix-community",
        "repo": "home-manager",
        "rev": "2c78a57c544dd19b07442350727ced097e1aa6e6",
        "type": "github"
      },
      "original": {
        "owner": "nix-community",
        "ref": "release-23.11",
        "repo": "home-manager",
        "type": "github"
      }
    },
    "nixos-hardware": {
      "locked": {
        "lastModified": 1716715385,
        "narHash": "sha256-fe6Z33pbfqu4TI5ijmcaNc5vRBs633tyxJ12HTghy3w=",
        "owner": "NixOS",
        "repo": "nixos-hardware",
        "rev": "2e7d6c568063c83355fe066b8a8917ee758de1b8",
        "type": "github"
      },
      "original": {
        "owner": "NixOS",
        "ref": "master",
        "repo": "nixos-hardware",
        "type": "github"
      }
    },
    "nixpkgs": {
      "locked": {
        "lastModified": 1716633019,
        "narHash": "sha256-xim1b5/HZYbWaZKyI7cn9TJCM6ewNVZnesRr00mXeS4=",
        "owner": "NixOS",
        "repo": "nixpkgs",
        "rev": "9d29cd266cebf80234c98dd0b87256b6be0af44e",
        "type": "github"
      },
      "original": {
        "owner": "NixOS",
        "ref": "nixos-23.11",
        "repo": "nixpkgs",
        "type": "github"
      }
    },
    "nixpkgs-stable": {
      "locked": {
        "lastModified": 1716655032,
        "narHash": "sha256-kQ25DAiCGigsNR/Quxm3v+JGXAEXZ8I7RAF4U94bGzE=",
        "owner": "NixOS",
        "repo": "nixpkgs",
        "rev": "59a450646ec8ee0397f5fa54a08573e8240eb91f",
        "type": "github"
      },
      "original": {
        "owner": "NixOS",
        "ref": "release-23.11",
        "repo": "nixpkgs",
        "type": "github"
      }
    },
    "nur": {
      "locked": {
        "lastModified": 1716771319,
        "narHash": "sha256-cwZab7NVCdCtCP6WHxLLpYWvaxPhfjSoMW8fqWwCo+c=",
        "owner": "nix-community",
        "repo": "NUR",
        "rev": "c0f70492e0a257c183739f984e213b0537b2ea08",
        "type": "github"
      },
      "original": {
        "owner": "nix-community",
        "ref": "master",
        "repo": "NUR",
        "type": "github"
      }
    },
    "root": {
      "inputs": {
        "home-manager": "home-manager",
        "nixos-hardware": "nixos-hardware",
        "nixpkgs": "nixpkgs",
        "nur": "nur",
        "sops": "sops",
        "unstable-pkgs": "unstable-pkgs"
      }
    },
    "sops": {
      "inputs": {
        "nixpkgs": [
          "nixpkgs"
        ],
        "nixpkgs-stable": "nixpkgs-stable"
      },
      "locked": {
        "lastModified": 1716692524,
        "narHash": "sha256-sALodaA7Zkp/JD6ehgwc0UCBrSBfB4cX66uFGTsqeFU=",
        "owner": "Mic92",
        "repo": "sops-nix",
        "rev": "962797a8d7f15ed7033031731d0bb77244839960",
        "type": "github"
      },
      "original": {
        "owner": "Mic92",
        "ref": "master",
        "repo": "sops-nix",
        "type": "github"
      }
    },
    "unstable-pkgs": {
      "locked": {
        "lastModified": 1716509168,
        "narHash": "sha256-4zSIhSRRIoEBwjbPm3YiGtbd8HDWzFxJjw5DYSDy1n8=",
        "owner": "NixOS",
        "repo": "nixpkgs",
        "rev": "bfb7a882678e518398ce9a31a881538679f6f092",
        "type": "github"
      },
      "original": {
        "owner": "NixOS",
        "ref": "nixos-unstable",
        "repo": "nixpkgs",
        "type": "github"
      }
    }
  },
  "root": "root",
  "version": 7
}
